// !$*UTF8*$!
{
	archiveVersion = 1;
	classes = {
	};
	objectVersion = 46;
	objects = {

/* Begin PBXBuildFile section */
		6364BFE31DA0A4080095C8C2 /* Card.m in Sources */ = {isa = PBXBuildFile; fileRef = 6364BFE21DA0A4080095C8C2 /* Card.m */; };
		6364BFE71DA0A7960095C8C2 /* Deck.m in Sources */ = {isa = PBXBuildFile; fileRef = 6364BFE61DA0A7960095C8C2 /* Deck.m */; };
		6364BFEA1DA0A7E00095C8C2 /* PlayingCardDeck.m in Sources */ = {isa = PBXBuildFile; fileRef = 6364BFE91DA0A7E00095C8C2 /* PlayingCardDeck.m */; };
		6364BFED1DA0A81D0095C8C2 /* PlayingCard.m in Sources */ = {isa = PBXBuildFile; fileRef = 6364BFEC1DA0A81D0095C8C2 /* PlayingCard.m */; };
		638B95E21D9EEF5000641B52 /* main.m in Sources */ = {isa = PBXBuildFile; fileRef = 638B95E11D9EEF5000641B52 /* main.m */; };
		638B95E51D9EEF5000641B52 /* AppDelegate.m in Sources */ = {isa = PBXBuildFile; fileRef = 638B95E41D9EEF5000641B52 /* AppDelegate.m */; };
		638B95E81D9EEF5000641B52 /* ViewController.m in Sources */ = {isa = PBXBuildFile; fileRef = 638B95E71D9EEF5000641B52 /* ViewController.m */; };
		638B95EB1D9EEF5000641B52 /* Main.storyboard in Resources */ = {isa = PBXBuildFile; fileRef = 638B95E91D9EEF5000641B52 /* Main.storyboard */; };
		638B95ED1D9EEF5000641B52 /* Assets.xcassets in Resources */ = {isa = PBXBuildFile; fileRef = 638B95EC1D9EEF5000641B52 /* Assets.xcassets */; };
		638B95F01D9EEF5000641B52 /* LaunchScreen.storyboard in Resources */ = {isa = PBXBuildFile; fileRef = 638B95EE1D9EEF5000641B52 /* LaunchScreen.storyboard */; };
/* End PBXBuildFile section */

/* Begin PBXFileReference section */
		6364BFE11DA0A4080095C8C2 /* Card.h */ = {isa = PBXFileReference; fileEncoding = 4; lastKnownFileType = sourcecode.c.h; path = Card.h; sourceTree = "<group>"; };
		6364BFE21DA0A4080095C8C2 /* Card.m */ = {isa = PBXFileReference; fileEncoding = 4; lastKnownFileType = sourcecode.c.objc; path = Card.m; sourceTree = "<group>"; };
		6364BFE51DA0A7960095C8C2 /* Deck.h */ = {isa = PBXFileReference; fileEncoding = 4; lastKnownFileType = sourcecode.c.h; path = Deck.h; sourceTree = "<group>"; };
		6364BFE61DA0A7960095C8C2 /* Deck.m */ = {isa = PBXFileReference; fileEncoding = 4; lastKnownFileType = sourcecode.c.objc; path = Deck.m; sourceTree = "<group>"; };
		6364BFE81DA0A7E00095C8C2 /* PlayingCardDeck.h */ = {isa = PBXFileReference; fileEncoding = 4; lastKnownFileType = sourcecode.c.h; path = PlayingCardDeck.h; sourceTree = "<group>"; };
		6364BFE91DA0A7E00095C8C2 /* PlayingCardDeck.m */ = {isa = PBXFileReference; fileEncoding = 4; lastKnownFileType = sourcecode.c.objc; path = PlayingCardDeck.m; sourceTree = "<group>"; };
		6364BFEB1DA0A81D0095C8C2 /* PlayingCard.h */ = {isa = PBXFileReference; fileEncoding = 4; lastKnownFileType = sourcecode.c.h; path = PlayingCard.h; sourceTree = "<group>"; };
		6364BFEC1DA0A81D0095C8C2 /* PlayingCard.m */ = {isa = PBXFileReference; fileEncoding = 4; lastKnownFileType = sourcecode.c.objc; path = PlayingCard.m; sourceTree = "<group>"; };
		638B95DD1D9EEF5000641B52 /* CardGame.app */ = {isa = PBXFileReference; explicitFileType = wrapper.application; includeInIndex = 0; path = CardGame.app; sourceTree = BUILT_PRODUCTS_DIR; };
		638B95E11D9EEF5000641B52 /* main.m */ = {isa = PBXFileReference; lastKnownFileType = sourcecode.c.objc; path = main.m; sourceTree = "<group>"; };
		638B95E31D9EEF5000641B52 /* AppDelegate.h */ = {isa = PBXFileReference; lastKnownFileType = sourcecode.c.h; path = AppDelegate.h; sourceTree = "<group>"; };
		638B95E41D9EEF5000641B52 /* AppDelegate.m */ = {isa = PBXFileReference; lastKnownFileType = sourcecode.c.objc; path = AppDelegate.m; sourceTree = "<group>"; };
		638B95E61D9EEF5000641B52 /* ViewController.h */ = {isa = PBXFileReference; lastKnownFileType = sourcecode.c.h; path = ViewController.h; sourceTree = "<group>"; };
		638B95E71D9EEF5000641B52 /* ViewController.m */ = {isa = PBXFileReference; lastKnownFileType = sourcecode.c.objc; path = ViewController.m; sourceTree = "<group>"; };
		638B95EA1D9EEF5000641B52 /* Base */ = {isa = PBXFileReference; lastKnownFileType = file.storyboard; name = Base; path = Base.lproj/Main.storyboard; sourceTree = "<group>"; };
		638B95EC1D9EEF5000641B52 /* Assets.xcassets */ = {isa = PBXFileReference; lastKnownFileType = folder.assetcatalog; path = Assets.xcassets; sourceTree = "<group>"; };
		638B95EF1D9EEF5000641B52 /* Base */ = {isa = PBXFileReference; lastKnownFileType = file.storyboard; name = Base; path = Base.lproj/LaunchScreen.storyboard; sourceTree = "<group>"; };
		638B95F11D9EEF5000641B52 /* Info.plist */ = {isa = PBXFileReference; lastKnownFileType = text.plist.xml; path = Info.plist; sourceTree = "<group>"; };
/* End PBXFileReference section */

/* Begin PBXFrameworksBuildPhase section */
		638B95DA1D9EEF5000641B52 /* Frameworks */ = {
			isa = PBXFrameworksBuildPhase;
			buildActionMask = 2147483647;
			files = (
			);
			runOnlyForDeploymentPostprocessing = 0;
		};
/* End PBXFrameworksBuildPhase section */

/* Begin PBXGroup section */
		6364BFE01D9EEF9F0095C8C2 /* Supporting Files */ = {
			isa = PBXGroup;
			children = (
				638B95E31D9EEF5000641B52 /* AppDelegate.h */,
				638B95E41D9EEF5000641B52 /* AppDelegate.m */,
				638B95EC1D9EEF5000641B52 /* Assets.xcassets */,
				638B95EE1D9EEF5000641B52 /* LaunchScreen.storyboard */,
				638B95F11D9EEF5000641B52 /* Info.plist */,
			);
			name = "Supporting Files";
			sourceTree = "<group>";
		};
		6364BFE41DA0A4130095C8C2 /* Model */ = {
			isa = PBXGroup;
			children = (
				6364BFE11DA0A4080095C8C2 /* Card.h */,
				6364BFE21DA0A4080095C8C2 /* Card.m */,
				6364BFE51DA0A7960095C8C2 /* Deck.h */,
				6364BFE61DA0A7960095C8C2 /* Deck.m */,
				6364BFE81DA0A7E00095C8C2 /* PlayingCardDeck.h */,
				6364BFE91DA0A7E00095C8C2 /* PlayingCardDeck.m */,
				6364BFEB1DA0A81D0095C8C2 /* PlayingCard.h */,
				6364BFEC1DA0A81D0095C8C2 /* PlayingCard.m */,
			);
			name = Model;
			sourceTree = "<group>";
		};
		638B95D41D9EEF5000641B52 = {
			isa = PBXGroup;
			children = (
				638B95DF1D9EEF5000641B52 /* CardGame */,
				638B95DE1D9EEF5000641B52 /* Products */,
			);
			sourceTree = "<group>";
		};
		638B95DE1D9EEF5000641B52 /* Products */ = {
			isa = PBXGroup;
			children = (
				638B95DD1D9EEF5000641B52 /* CardGame.app */,
			);
			name = Products;
			sourceTree = "<group>";
		};
		638B95DF1D9EEF5000641B52 /* CardGame */ = {
			isa = PBXGroup;
			children = (
				6364BFE41DA0A4130095C8C2 /* Model */,
				6364BFE01D9EEF9F0095C8C2 /* Supporting Files */,
				638B95E61D9EEF5000641B52 /* ViewController.h */,
				638B95E71D9EEF5000641B52 /* ViewController.m */,
				638B95E91D9EEF5000641B52 /* Main.storyboard */,
				638B95E01D9EEF5000641B52 /* Supporting Files */,
			);
			path = CardGame;
			sourceTree = "<group>";
		};
		638B95E01D9EEF5000641B52 /* Supporting Files */ = {
			isa = PBXGroup;
			children = (
				638B95E11D9EEF5000641B52 /* main.m */,
			);
			name = "Supporting Files";
			sourceTree = "<group>";
		};
/* End PBXGroup section */

/* Begin PBXNativeTarget section */
		638B95DC1D9EEF5000641B52 /* CardGame */ = {
			isa = PBXNativeTarget;
			buildConfigurationList = 638B95F41D9EEF5000641B52 /* Build configuration list for PBXNativeTarget "CardGame" */;
			buildPhases = (
				638B95D91D9EEF5000641B52 /* Sources */,
				638B95DA1D9EEF5000641B52 /* Frameworks */,
				638B95DB1D9EEF5000641B52 /* Resources */,
			);
			buildRules = (
			);
			dependencies = (
			);
			name = CardGame;
			productName = CardGame;
			productReference = 638B95DD1D9EEF5000641B52 /* CardGame.app */;
			productType = "com.apple.product-type.application";
		};
/* End PBXNativeTarget section */

/* Begin PBXProject section */
		638B95D51D9EEF5000641B52 /* Project object */ = {
			isa = PBXProject;
			attributes = {
				LastUpgradeCheck = 0800;
				ORGANIZATIONNAME = "Vladimir Romanov";
				TargetAttributes = {
					638B95DC1D9EEF5000641B52 = {
						CreatedOnToolsVersion = 8.0;
						DevelopmentTeam = 6A69PZY62Z;
						ProvisioningStyle = Automatic;
					};
				};
			};
			buildConfigurationList = 638B95D81D9EEF5000641B52 /* Build configuration list for PBXProject "CardGame" */;
			compatibilityVersion = "Xcode 3.2";
			developmentRegion = English;
			hasScannedForEncodings = 0;
			knownRegions = (
				en,
				Base,
			);
			mainGroup = 638B95D41D9EEF5000641B52;
			productRefGroup = 638B95DE1D9EEF5000641B52 /* Products */;
			projectDirPath = "";
			projectRoot = "";
			targets = (
				638B95DC1D9EEF5000641B52 /* CardGame */,
			);
		};
/* End PBXProject section */

/* Begin PBXResourcesBuildPhase section */
		638B95DB1D9EEF5000641B52 /* Resources */ = {
			isa = PBXResourcesBuildPhase;
			buildActionMask = 2147483647;
			files = (
				638B95F01D9EEF5000641B52 /* LaunchScreen.storyboard in Resources */,
				638B95ED1D9EEF5000641B52 /* Assets.xcassets in Resources */,
				638B95EB1D9EEF5000641B52 /* Main.storyboard in Resources */,
			);
			runOnlyForDeploymentPostprocessing = 0;
		};
/* End PBXResourcesBuildPhase section */

/* Begin PBXSourcesBuildPhase section */
		638B95D91D9EEF5000641B52 /* Sources */ = {
			isa = PBXSourcesBuildPhase;
			buildActionMask = 2147483647;
			files = (
				6364BFE71DA0A7960095C8C2 /* Deck.m in Sources */,
				6364BFEA1DA0A7E00095C8C2 /* PlayingCardDeck.m in Sources */,
				6364BFED1DA0A81D0095C8C2 /* PlayingCard.m in Sources */,
				638B95E81D9EEF5000641B52 /* ViewController.m in Sources */,
				638B95E51D9EEF5000641B52 /* AppDelegate.m in Sources */,
				638B95E21D9EEF5000641B52 /* main.m in Sources */,
				6364BFE31DA0A4080095C8C2 /* Card.m in Sources */,
			);
			runOnlyForDeploymentPostprocessing = 0;
		};
/* End PBXSourcesBuildPhase section */

/* Begin PBXVariantGroup section */
		638B95E91D9EEF5000641B52 /* Main.storyboard */ = {
			isa = PBXVariantGroup;
			children = (
				638B95EA1D9EEF5000641B52 /* Base */,
			);
			name = Main.storyboard;
			sourceTree = "<group>";
		};
		638B95EE1D9EEF5000641B52 /* LaunchScreen.storyboard */ = {
			isa = PBXVariantGroup;
			children = (
				638B95EF1D9EEF5000641B52 /* Base */,
			);
			name = LaunchScreen.storyboard;
			sourceTree = "<group>";
		};
/* End PBXVariantGroup section */

/* Begin XCBuildConfiguration section */
		638B95F21D9EEF5000641B52 /* Debug */ = {
			isa = XCBuildConfiguration;
			buildSettings = {
				ALWAYS_SEARCH_USER_PATHS = NO;
				CLANG_ANALYZER_NONNULL = YES;
				CLANG_CXX_LANGUAGE_STANDARD = "gnu++0x";
				CLANG_CXX_LIBRARY = "libc++";
				CLANG_ENABLE_MODULES = YES;
				CLANG_ENABLE_OBJC_ARC = YES;
				CLANG_WARN_BOOL_CONVERSION = YES;
				CLANG_WARN_CONSTANT_CONVERSION = YES;
				CLANG_WARN_DIRECT_OBJC_ISA_USAGE = YES_ERROR;
				CLANG_WARN_DOCUMENTATION_COMMENTS = YES;
				CLANG_WARN_EMPTY_BODY = YES;
				CLANG_WARN_ENUM_CONVERSION = YES;
				CLANG_WARN_INFINITE_RECURSION = YES;
				CLANG_WARN_INT_CONVERSION = YES;
				CLANG_WARN_OBJC_ROOT_CLASS = YES_ERROR;
				CLANG_WARN_SUSPICIOUS_MOVES = YES;
				CLANG_WARN_UNREACHABLE_CODE = YES;
				CLANG_WARN__DUPLICATE_METHOD_MATCH = YES;
				"CODE_SIGN_IDENTITY[sdk=iphoneos*]" = "iPhone Developer";
				COPY_PHASE_STRIP = NO;
				DEBUG_INFORMATION_FORMAT = dwarf;
				ENABLE_STRICT_OBJC_MSGSEND = YES;
				ENABLE_TESTABILITY = YES;
				GCC_C_LANGUAGE_STANDARD = gnu99;
				GCC_DYNAMIC_NO_PIC = NO;
				GCC_NO_COMMON_BLOCKS = YES;
				GCC_OPTIMIZATION_LEVEL = 0;
				GCC_PREPROCESSOR_DEFINITIONS = (
					"DEBUG=1",
					"$(inherited)",
				);
				GCC_WARN_64_TO_32_BIT_CONVERSION = YES;
				GCC_WARN_ABOUT_RETURN_TYPE = YES_ERROR;
				GCC_WARN_UNDECLARED_SELECTOR = YES;
				GCC_WARN_UNINITIALIZED_AUTOS = YES_AGGRESSIVE;
				GCC_WARN_UNUSED_FUNCTION = YES;
				GCC_WARN_UNUSED_VARIABLE = YES;
				IPHONEOS_DEPLOYMENT_TARGET = 10.0;
				MTL_ENABLE_DEBUG_INFO = YES;
				ONLY_ACTIVE_ARCH = YES;
				SDKROOT = iphoneos;
				TARGETED_DEVICE_FAMILY = "1,2";
			};
			name = Debug;
		};
		638B95F31D9EEF5000641B52 /* Release */ = {
			isa = XCBuildConfiguration;
			buildSettings = {
				ALWAYS_SEARCH_USER_PATHS = NO;
				CLANG_ANALYZER_NONNULL = YES;
				CLANG_CXX_LANGUAGE_STANDARD = "gnu++0x";
				CLANG_CXX_LIBRARY = "libc++";
				CLANG_ENABLE_MODULES = YES;
				CLANG_ENABLE_OBJC_ARC = YES;
				CLANG_WARN_BOOL_CONVERSION = YES;
				CLANG_WARN_CONSTANT_CONVERSION = YES;
				CLANG_WARN_DIRECT_OBJC_ISA_USAGE = YES_ERROR;
				CLANG_WARN_DOCUMENTATION_COMMENTS = YES;
				CLANG_WARN_EMPTY_BODY = YES;
				CLANG_WARN_ENUM_CONVERSION = YES;
				CLANG_WARN_INFINITE_RECURSION = YES;
				CLANG_WARN_INT_CONVERSION = YES;
				CLANG_WARN_OBJC_ROOT_CLASS = YES_ERROR;
				CLANG_WARN_SUSPICIOUS_MOVES = YES;
				CLANG_WARN_UNREACHABLE_CODE = YES;
				CLANG_WARN__DUPLICATE_METHOD_MATCH = YES;
				"CODE_SIGN_IDENTITY[sdk=iphoneos*]" = "iPhone Developer";
				COPY_PHASE_STRIP = NO;
				DEBUG_INFORMATION_FORMAT = "dwarf-with-dsym";
				ENABLE_NS_ASSERTIONS = NO;
				ENABLE_STRICT_OBJC_MSGSEND = YES;
				GCC_C_LANGUAGE_STANDARD = gnu99;
				GCC_NO_COMMON_BLOCKS = YES;
				GCC_WARN_64_TO_32_BIT_CONVERSION = YES;
				GCC_WARN_ABOUT_RETURN_TYPE = YES_ERROR;
				GCC_WARN_UNDECLARED_SELECTOR = YES;
				GCC_WARN_UNINITIALIZED_AUTOS = YES_AGGRESSIVE;
				GCC_WARN_UNUSED_FUNCTION = YES;
				GCC_WARN_UNUSED_VARIABLE = YES;
				IPHONEOS_DEPLOYMENT_TARGET = 10.0;
				MTL_ENABLE_DEBUG_INFO = NO;
				SDKROOT = iphoneos;
				TARGETED_DEVICE_FAMILY = "1,2";
				VALIDATE_PRODUCT = YES;
			};
			name = Release;
		};
		638B95F51D9EEF5000641B52 /* Debug */ = {
			isa = XCBuildConfiguration;
			buildSettings = {
				ASSETCATALOG_COMPILER_APPICON_NAME = AppIcon;
				DEVELOPMENT_TEAM = 6A69PZY62Z;
				INFOPLIST_FILE = CardGame/Info.plist;
				LD_RUNPATH_SEARCH_PATHS = "$(inherited) @executable_path/Frameworks";
				PRODUCT_BUNDLE_IDENTIFIER = com.vromanov.CardGame;
				PRODUCT_NAME = "$(TARGET_NAME)";
				TARGETED_DEVICE_FAMILY = 1;
			};
			name = Debug;
		};
		638B95F61D9EEF5000641B52 /* Release */ = {
			isa = XCBuildConfiguration;
			buildSettings = {
				ASSETCATALOG_COMPILER_APPICON_NAME = AppIcon;
				DEVELOPMENT_TEAM = 6A69PZY62Z;
				INFOPLIST_FILE = CardGame/Info.plist;
				LD_RUNPATH_SEARCH_PATHS = "$(inherited) @executable_path/Frameworks";
				PRODUCT_BUNDLE_IDENTIFIER = com.vromanov.CardGame;
				PRODUCT_NAME = "$(TARGET_NAME)";
				TARGETED_DEVICE_FAMILY = 1;
			};
			name = Release;
		};
/* End XCBuildConfiguration section */

/* Begin XCConfigurationList section */
		638B95D81D9EEF5000641B52 /* Build configuration list for PBXProject "CardGame" */ = {
			isa = XCConfigurationList;
			buildConfigurations = (
				638B95F21D9EEF5000641B52 /* Debug */,
				638B95F31D9EEF5000641B52 /* Release */,
			);
			defaultConfigurationIsVisible = 0;
			defaultConfigurationName = Release;
		};
		638B95F41D9EEF5000641B52 /* Build configuration list for PBXNativeTarget "CardGame" */ = {
			isa = XCConfigurationList;
			buildConfigurations = (
				638B95F51D9EEF5000641B52 /* Debug */,
				638B95F61D9EEF5000641B52 /* Release */,
			);
			defaultConfigurationIsVisible = 0;
			defaultConfigurationName = Release;
		};
/* End XCConfigurationList section */
	};
	rootObject = 638B95D51D9EEF5000641B52 /* Project object */;
}
